
Microsoft Visual Studio Solution File, Format Version 12.00
# Visual Studio Version 16
VisualStudioVersion = 25.0.1705.2
MinimumVisualStudioVersion = 10.0.40219.1
Project("{FAE04EC0-301F-11D3-BF4B-00C04F79EFBC}") = "DemoApp", "DemoApp\DemoApp.csproj", "{0CBC5DD2-03FE-4ECF-89F8-CD6EFD5001BA}"
EndProject
Global
	GlobalSection(SolutionConfigurationPlatforms) = preSolution
		Debug|Any CPU = Debug|Any CPU
		Release|Any CPU = Release|Any CPU
	EndGlobalSection
	GlobalSection(ProjectConfigurationPlatforms) = postSolution
		{0CBC5DD2-03FE-4ECF-89F8-CD6EFD5001BA}.Debug|Any CPU.ActiveCfg = Debug|Any CPU
		{0CBC5DD2-03FE-4ECF-89F8-CD6EFD5001BA}.Debug|Any CPU.Build.0 = Debug|Any CPU
		{0CBC5DD2-03FE-4ECF-89F8-CD6EFD5001BA}.Release|Any CPU.ActiveCfg = Release|Any CPU
		{0CBC5DD2-03FE-4ECF-89F8-CD6EFD5001BA}.Release|Any CPU.Build.0 = Release|Any CPU
	EndGlobalSection
	GlobalSection(SolutionProperties) = preSolution
		HideSolutionNode = FALSE
	EndGlobalSection
	GlobalSection(ExtensibilityGlobals) = postSolution
		SolutionGuid = {6860AD61-6C2E-41F5-B8D4-2D168C32E417}
	EndGlobalSection
EndGlobal
